
Microsoft Visual Studio Solution File, Format Version 12.00
# Visual Studio Version 17
VisualStudioVersion = 17.9.34728.123
MinimumVisualStudioVersion = 10.0.40219.1
Project("{9A19103F-16F7-4668-BE54-9A1E7A4F7556}") = "ReflectionEventing", "src\ReflectionEventing\ReflectionEventing.csproj", "{F5FF47B8-A0CC-4F20-A848-AEEF51D4C2C7}"
EndProject
Project("{9A19103F-16F7-4668-BE54-9A1E7A4F7556}") = "ReflectionEventing.Demo.Wpf", "src\ReflectionEventing.Demo.Wpf\ReflectionEventing.Demo.Wpf.csproj", "{898865CB-C39C-4E69-9FF8-E96AAD7FF0A4}"
EndProject
Project("{2150E333-8FDC-42A3-9474-1A3956D46DE8}") = "Solution Items", "Solution Items", "{3D12BBC8-E962-4230-AA5F-C97BDCB7AB24}"
	ProjectSection(SolutionItems) = preProject
		.editorconfig = .editorconfig
		Directory.Build.props = Directory.Build.props
		Directory.Build.targets = Directory.Build.targets
		Directory.Packages.props = Directory.Packages.props
		nuget.config = nuget.config
		README.md = README.md
	EndProjectSection
EndProject
Project("{9A19103F-16F7-4668-BE54-9A1E7A4F7556}") = "ReflectionEventing.Autofac", "src\ReflectionEventing.Autofac\ReflectionEventing.Autofac.csproj", "{6023E50F-2B4D-4315-B85D-9E8A12746045}"
EndProject
Project("{9A19103F-16F7-4668-BE54-9A1E7A4F7556}") = "ReflectionEventing.DependencyInjection", "src\ReflectionEventing.DependencyInjection\ReflectionEventing.DependencyInjection.csproj", "{09F0D6A2-3791-4173-A612-98E6EA92FCC4}"
EndProject
Project("{2150E333-8FDC-42A3-9474-1A3956D46DE8}") = "Tests", "Tests", "{7A58AE12-65AA-4E1B-B5DB-CBD2732D1AE7}"
EndProject
Project("{FAE04EC0-301F-11D3-BF4B-00C04F79EFBC}") = "ReflectionEventing.UnitTests", "tests\ReflectionEventing.UnitTests\ReflectionEventing.UnitTests.csproj", "{7F506A5A-1F70-49CB-B371-428DFA573451}"
EndProject
Global
	GlobalSection(SolutionConfigurationPlatforms) = preSolution
		Debug|Any CPU = Debug|Any CPU
		Release|Any CPU = Release|Any CPU
	EndGlobalSection
	GlobalSection(ProjectConfigurationPlatforms) = postSolution
		{F5FF47B8-A0CC-4F20-A848-AEEF51D4C2C7}.Debug|Any CPU.ActiveCfg = Debug|Any CPU
		{F5FF47B8-A0CC-4F20-A848-AEEF51D4C2C7}.Debug|Any CPU.Build.0 = Debug|Any CPU
		{F5FF47B8-A0CC-4F20-A848-AEEF51D4C2C7}.Release|Any CPU.ActiveCfg = Release|Any CPU
		{F5FF47B8-A0CC-4F20-A848-AEEF51D4C2C7}.Release|Any CPU.Build.0 = Release|Any CPU
		{898865CB-C39C-4E69-9FF8-E96AAD7FF0A4}.Debug|Any CPU.ActiveCfg = Debug|Any CPU
		{898865CB-C39C-4E69-9FF8-E96AAD7FF0A4}.Debug|Any CPU.Build.0 = Debug|Any CPU
		{898865CB-C39C-4E69-9FF8-E96AAD7FF0A4}.Release|Any CPU.ActiveCfg = Release|Any CPU
		{898865CB-C39C-4E69-9FF8-E96AAD7FF0A4}.Release|Any CPU.Build.0 = Release|Any CPU
		{6023E50F-2B4D-4315-B85D-9E8A12746045}.Debug|Any CPU.ActiveCfg = Debug|Any CPU
		{6023E50F-2B4D-4315-B85D-9E8A12746045}.Debug|Any CPU.Build.0 = Debug|Any CPU
		{6023E50F-2B4D-4315-B85D-9E8A12746045}.Release|Any CPU.ActiveCfg = Release|Any CPU
		{6023E50F-2B4D-4315-B85D-9E8A12746045}.Release|Any CPU.Build.0 = Release|Any CPU
		{09F0D6A2-3791-4173-A612-98E6EA92FCC4}.Debug|Any CPU.ActiveCfg = Debug|Any CPU
		{09F0D6A2-3791-4173-A612-98E6EA92FCC4}.Debug|Any CPU.Build.0 = Debug|Any CPU
		{09F0D6A2-3791-4173-A612-98E6EA92FCC4}.Release|Any CPU.ActiveCfg = Release|Any CPU
		{09F0D6A2-3791-4173-A612-98E6EA92FCC4}.Release|Any CPU.Build.0 = Release|Any CPU
		{7F506A5A-1F70-49CB-B371-428DFA573451}.Debug|Any CPU.ActiveCfg = Debug|Any CPU
		{7F506A5A-1F70-49CB-B371-428DFA573451}.Debug|Any CPU.Build.0 = Debug|Any CPU
		{7F506A5A-1F70-49CB-B371-428DFA573451}.Release|Any CPU.ActiveCfg = Release|Any CPU
		{7F506A5A-1F70-49CB-B371-428DFA573451}.Release|Any CPU.Build.0 = Release|Any CPU
	EndGlobalSection
	GlobalSection(SolutionProperties) = preSolution
		HideSolutionNode = FALSE
	EndGlobalSection
	GlobalSection(NestedProjects) = preSolution
		{7F506A5A-1F70-49CB-B371-428DFA573451} = {7A58AE12-65AA-4E1B-B5DB-CBD2732D1AE7}
	EndGlobalSection
	GlobalSection(ExtensibilityGlobals) = postSolution
		SolutionGuid = {B017BA78-67A5-4D0F-92A3-671B0D8A2911}
	EndGlobalSection
EndGlobal
